
Microsoft Visual Studio Solution File, Format Version 12.00
# Visual Studio Version 17
VisualStudioVersion = 17.1.32407.343
MinimumVisualStudioVersion = 10.0.40219.1
Project("{2150E333-8FDC-42A3-9474-1A3956D46DE8}") = "Libraries", "Libraries", "{D97BFD0C-5DA6-4B65-A175-16F208730E3D}"
EndProject
Project("{8BC9CEB8-8B4A-11D0-8D11-00A0C91BC942}") = "glad", "Dependencies\glad\glad.vcxproj", "{72B78E40-66CF-4B31-ABE1-D418897E2EAE}"
EndProject
Project("{8BC9CEB8-8B4A-11D0-8D11-00A0C91BC942}") = "imgui", "Dependencies\imgui\imgui.vcxproj", "{F2FB4732-5E57-413F-9BFD-BBB6B23F0D59}"
EndProject
Project("{8BC9CEB8-8B4A-11D0-8D11-00A0C91BC942}") = "glfw3", "Dependencies\glfw3\glfw3.vcxproj", "{D18B7530-E2D1-45F4-A49F-D8D585CF4544}"
EndProject
Project("{8BC9CEB8-8B4A-11D0-8D11-00A0C91BC942}") = "freetype", "Dependencies\freetype\freetype.vcxproj", "{DA0D460B-A2A1-475F-B076-16B01EDCD52F}"
EndProject
Project("{8BC9CEB8-8B4A-11D0-8D11-00A0C91BC942}") = "Refureku", "Dependencies\Refureku\Refureku.vcxproj", "{0E26B274-58F8-4DBD-A9B3-A13A6E1BB8A9}"
EndProject
Project("{8BC9CEB8-8B4A-11D0-8D11-00A0C91BC942}") = "stb_image", "Dependencies\stb_image\stb_image.vcxproj", "{80027627-7CB9-49C6-B940-CF79A90DAF59}"
EndProject
Project("{8BC9CEB8-8B4A-11D0-8D11-00A0C91BC942}") = "assimp-vc142-mtd", "Dependencies\assimp\assimp.vcxproj", "{A94A8947-3108-4E88-996D-F6DC6935FAA8}"
EndProject
Project("{8BC9CEB8-8B4A-11D0-8D11-00A0C91BC942}") = "zlibstatic", "Dependencies\zlib\zlib.vcxproj", "{8B735AE6-218D-44B4-B847-AEED17F91974}"
EndProject
Project("{8BC9CEB8-8B4A-11D0-8D11-00A0C91BC942}") = "physx", "Dependencies\physx\physx.vcxproj", "{BDFA2C2A-0FA3-4848-BB95-321DB3DE7F47}"
EndProject
Project("{8BC9CEB8-8B4A-11D0-8D11-00A0C91BC942}") = "Engine", "Source\Engine\Engine.vcxproj", "{B8CF6CC4-94D6-4347-8388-C6579F7EC88C}"
EndProject
Project("{8BC9CEB8-8B4A-11D0-8D11-00A0C91BC942}") = "Editor", "Source\Editor\Editor.vcxproj", "{B07A1D5E-E955-405B-9980-932667E4BB65}"
EndProject
Project("{8BC9CEB8-8B4A-11D0-8D11-00A0C91BC942}") = "Game", "Source\Game\Game.vcxproj", "{82F429A2-17DC-48D8-ACE2-4241FAE4DF74}"
EndProject
Project("{8BC9CEB8-8B4A-11D0-8D11-00A0C91BC942}") = "miniaudio", "Dependencies\miniaudio\miniaudio.vcxproj", "{B7F84EF3-62E5-46E6-894C-6DF6DD9F7FC0}"
EndProject
Global
	GlobalSection(SolutionConfigurationPlatforms) = preSolution
		Debug|x64 = Debug|x64
		Debug|x86 = Debug|x86
		Release|x64 = Release|x64
		Release|x86 = Release|x86
		Standalone|x64 = Standalone|x64
		Standalone|x86 = Standalone|x86
	EndGlobalSection
	GlobalSection(ProjectConfigurationPlatforms) = postSolution
		{72B78E40-66CF-4B31-ABE1-D418897E2EAE}.Debug|x64.ActiveCfg = Debug|x64
		{72B78E40-66CF-4B31-ABE1-D418897E2EAE}.Debug|x64.Build.0 = Debug|x64
		{72B78E40-66CF-4B31-ABE1-D418897E2EAE}.Debug|x86.ActiveCfg = Debug|x64
		{72B78E40-66CF-4B31-ABE1-D418897E2EAE}.Debug|x86.Build.0 = Debug|x64
		{72B78E40-66CF-4B31-ABE1-D418897E2EAE}.Release|x64.ActiveCfg = Release|x64
		{72B78E40-66CF-4B31-ABE1-D418897E2EAE}.Release|x64.Build.0 = Release|x64
		{72B78E40-66CF-4B31-ABE1-D418897E2EAE}.Release|x86.ActiveCfg = Release|x64
		{72B78E40-66CF-4B31-ABE1-D418897E2EAE}.Release|x86.Build.0 = Release|x64
		{72B78E40-66CF-4B31-ABE1-D418897E2EAE}.Standalone|x64.ActiveCfg = Standalone|x64
		{72B78E40-66CF-4B31-ABE1-D418897E2EAE}.Standalone|x64.Build.0 = Standalone|x64
		{72B78E40-66CF-4B31-ABE1-D418897E2EAE}.Standalone|x86.ActiveCfg = Standalone|x64
		{72B78E40-66CF-4B31-ABE1-D418897E2EAE}.Standalone|x86.Build.0 = Standalone|x64
		{F2FB4732-5E57-413F-9BFD-BBB6B23F0D59}.Debug|x64.ActiveCfg = Debug|x64
		{F2FB4732-5E57-413F-9BFD-BBB6B23F0D59}.Debug|x64.Build.0 = Debug|x64
		{F2FB4732-5E57-413F-9BFD-BBB6B23F0D59}.Debug|x86.ActiveCfg = Debug|x64
		{F2FB4732-5E57-413F-9BFD-BBB6B23F0D59}.Debug|x86.Build.0 = Debug|x64
		{F2FB4732-5E57-413F-9BFD-BBB6B23F0D59}.Release|x64.ActiveCfg = Release|x64
		{F2FB4732-5E57-413F-9BFD-BBB6B23F0D59}.Release|x64.Build.0 = Release|x64
		{F2FB4732-5E57-413F-9BFD-BBB6B23F0D59}.Release|x86.ActiveCfg = Release|x64
		{F2FB4732-5E57-413F-9BFD-BBB6B23F0D59}.Release|x86.Build.0 = Release|x64
		{F2FB4732-5E57-413F-9BFD-BBB6B23F0D59}.Standalone|x64.ActiveCfg = Standalone|x64
		{F2FB4732-5E57-413F-9BFD-BBB6B23F0D59}.Standalone|x64.Build.0 = Standalone|x64
		{F2FB4732-5E57-413F-9BFD-BBB6B23F0D59}.Standalone|x86.ActiveCfg = Standalone|x64
		{F2FB4732-5E57-413F-9BFD-BBB6B23F0D59}.Standalone|x86.Build.0 = Standalone|x64
		{D18B7530-E2D1-45F4-A49F-D8D585CF4544}.Debug|x64.ActiveCfg = Debug|x64
		{D18B7530-E2D1-45F4-A49F-D8D585CF4544}.Debug|x64.Build.0 = Debug|x64
		{D18B7530-E2D1-45F4-A49F-D8D585CF4544}.Debug|x86.ActiveCfg = Debug|x64
		{D18B7530-E2D1-45F4-A49F-D8D585CF4544}.Debug|x86.Build.0 = Debug|x64
		{D18B7530-E2D1-45F4-A49F-D8D585CF4544}.Release|x64.ActiveCfg = Release|x64
		{D18B7530-E2D1-45F4-A49F-D8D585CF4544}.Release|x64.Build.0 = Release|x64
		{D18B7530-E2D1-45F4-A49F-D8D585CF4544}.Release|x86.ActiveCfg = Release|x64
		{D18B7530-E2D1-45F4-A49F-D8D585CF4544}.Release|x86.Build.0 = Release|x64
		{D18B7530-E2D1-45F4-A49F-D8D585CF4544}.Standalone|x64.ActiveCfg = Standalone|x64
		{D18B7530-E2D1-45F4-A49F-D8D585CF4544}.Standalone|x64.Build.0 = Standalone|x64
		{D18B7530-E2D1-45F4-A49F-D8D585CF4544}.Standalone|x86.ActiveCfg = Standalone|x64
		{D18B7530-E2D1-45F4-A49F-D8D585CF4544}.Standalone|x86.Build.0 = Standalone|x64
		{DA0D460B-A2A1-475F-B076-16B01EDCD52F}.Debug|x64.ActiveCfg = Debug|x64
		{DA0D460B-A2A1-475F-B076-16B01EDCD52F}.Debug|x64.Build.0 = Debug|x64
		{DA0D460B-A2A1-475F-B076-16B01EDCD52F}.Debug|x86.ActiveCfg = Debug|x64
		{DA0D460B-A2A1-475F-B076-16B01EDCD52F}.Debug|x86.Build.0 = Debug|x64
		{DA0D460B-A2A1-475F-B076-16B01EDCD52F}.Release|x64.ActiveCfg = Release|x64
		{DA0D460B-A2A1-475F-B076-16B01EDCD52F}.Release|x64.Build.0 = Release|x64
		{DA0D460B-A2A1-475F-B076-16B01EDCD52F}.Release|x86.ActiveCfg = Release|x64
		{DA0D460B-A2A1-475F-B076-16B01EDCD52F}.Release|x86.Build.0 = Release|x64
		{DA0D460B-A2A1-475F-B076-16B01EDCD52F}.Standalone|x64.ActiveCfg = Standalone|x64
		{DA0D460B-A2A1-475F-B076-16B01EDCD52F}.Standalone|x64.Build.0 = Standalone|x64
		{DA0D460B-A2A1-475F-B076-16B01EDCD52F}.Standalone|x86.ActiveCfg = Standalone|x64
		{DA0D460B-A2A1-475F-B076-16B01EDCD52F}.Standalone|x86.Build.0 = Standalone|x64
		{0E26B274-58F8-4DBD-A9B3-A13A6E1BB8A9}.Debug|x64.ActiveCfg = Debug|x64
		{0E26B274-58F8-4DBD-A9B3-A13A6E1BB8A9}.Debug|x64.Build.0 = Debug|x64
		{0E26B274-58F8-4DBD-A9B3-A13A6E1BB8A9}.Debug|x86.ActiveCfg = Debug|x64
		{0E26B274-58F8-4DBD-A9B3-A13A6E1BB8A9}.Debug|x86.Build.0 = Debug|x64
		{0E26B274-58F8-4DBD-A9B3-A13A6E1BB8A9}.Release|x64.ActiveCfg = Release|x64
		{0E26B274-58F8-4DBD-A9B3-A13A6E1BB8A9}.Release|x64.Build.0 = Release|x64
		{0E26B274-58F8-4DBD-A9B3-A13A6E1BB8A9}.Release|x86.ActiveCfg = Release|x64
		{0E26B274-58F8-4DBD-A9B3-A13A6E1BB8A9}.Release|x86.Build.0 = Release|x64
		{0E26B274-58F8-4DBD-A9B3-A13A6E1BB8A9}.Standalone|x64.ActiveCfg = Standalone|x64
		{0E26B274-58F8-4DBD-A9B3-A13A6E1BB8A9}.Standalone|x64.Build.0 = Standalone|x64
		{0E26B274-58F8-4DBD-A9B3-A13A6E1BB8A9}.Standalone|x86.ActiveCfg = Standalone|x64
		{0E26B274-58F8-4DBD-A9B3-A13A6E1BB8A9}.Standalone|x86.Build.0 = Standalone|x64
		{80027627-7CB9-49C6-B940-CF79A90DAF59}.Debug|x64.ActiveCfg = Debug|x64
		{80027627-7CB9-49C6-B940-CF79A90DAF59}.Debug|x64.Build.0 = Debug|x64
		{80027627-7CB9-49C6-B940-CF79A90DAF59}.Debug|x86.ActiveCfg = Debug|x64
		{80027627-7CB9-49C6-B940-CF79A90DAF59}.Debug|x86.Build.0 = Debug|x64
		{80027627-7CB9-49C6-B940-CF79A90DAF59}.Release|x64.ActiveCfg = Release|x64
		{80027627-7CB9-49C6-B940-CF79A90DAF59}.Release|x64.Build.0 = Release|x64
		{80027627-7CB9-49C6-B940-CF79A90DAF59}.Release|x86.ActiveCfg = Release|x64
		{80027627-7CB9-49C6-B940-CF79A90DAF59}.Release|x86.Build.0 = Release|x64
		{80027627-7CB9-49C6-B940-CF79A90DAF59}.Standalone|x64.ActiveCfg = Standalone|x64
		{80027627-7CB9-49C6-B940-CF79A90DAF59}.Standalone|x64.Build.0 = Standalone|x64
		{80027627-7CB9-49C6-B940-CF79A90DAF59}.Standalone|x86.ActiveCfg = Standalone|x64
		{80027627-7CB9-49C6-B940-CF79A90DAF59}.Standalone|x86.Build.0 = Standalone|x64
		{A94A8947-3108-4E88-996D-F6DC6935FAA8}.Debug|x64.ActiveCfg = Debug|x64
		{A94A8947-3108-4E88-996D-F6DC6935FAA8}.Debug|x64.Build.0 = Debug|x64
		{A94A8947-3108-4E88-996D-F6DC6935FAA8}.Debug|x86.ActiveCfg = Debug|x64
		{A94A8947-3108-4E88-996D-F6DC6935FAA8}.Debug|x86.Build.0 = Debug|x64
		{A94A8947-3108-4E88-996D-F6DC6935FAA8}.Release|x64.ActiveCfg = Release|x64
		{A94A8947-3108-4E88-996D-F6DC6935FAA8}.Release|x64.Build.0 = Release|x64
		{A94A8947-3108-4E88-996D-F6DC6935FAA8}.Release|x86.ActiveCfg = Release|x64
		{A94A8947-3108-4E88-996D-F6DC6935FAA8}.Release|x86.Build.0 = Release|x64
		{A94A8947-3108-4E88-996D-F6DC6935FAA8}.Standalone|x64.ActiveCfg = Standalone|x64
		{A94A8947-3108-4E88-996D-F6DC6935FAA8}.Standalone|x64.Build.0 = Standalone|x64
		{A94A8947-3108-4E88-996D-F6DC6935FAA8}.Standalone|x86.ActiveCfg = Standalone|x64
		{A94A8947-3108-4E88-996D-F6DC6935FAA8}.Standalone|x86.Build.0 = Standalone|x64
		{8B735AE6-218D-44B4-B847-AEED17F91974}.Debug|x64.ActiveCfg = Debug|x64
		{8B735AE6-218D-44B4-B847-AEED17F91974}.Debug|x64.Build.0 = Debug|x64
		{8B735AE6-218D-44B4-B847-AEED17F91974}.Debug|x86.ActiveCfg = Debug|x64
		{8B735AE6-218D-44B4-B847-AEED17F91974}.Debug|x86.Build.0 = Debug|x64
		{8B735AE6-218D-44B4-B847-AEED17F91974}.Release|x64.ActiveCfg = Release|x64
		{8B735AE6-218D-44B4-B847-AEED17F91974}.Release|x64.Build.0 = Release|x64
		{8B735AE6-218D-44B4-B847-AEED17F91974}.Release|x86.ActiveCfg = Release|x64
		{8B735AE6-218D-44B4-B847-AEED17F91974}.Release|x86.Build.0 = Release|x64
		{8B735AE6-218D-44B4-B847-AEED17F91974}.Standalone|x64.ActiveCfg = Standalone|x64
		{8B735AE6-218D-44B4-B847-AEED17F91974}.Standalone|x64.Build.0 = Standalone|x64
		{8B735AE6-218D-44B4-B847-AEED17F91974}.Standalone|x86.ActiveCfg = Standalone|x64
		{8B735AE6-218D-44B4-B847-AEED17F91974}.Standalone|x86.Build.0 = Standalone|x64
		{BDFA2C2A-0FA3-4848-BB95-321DB3DE7F47}.Debug|x64.ActiveCfg = Debug|x64
		{BDFA2C2A-0FA3-4848-BB95-321DB3DE7F47}.Debug|x64.Build.0 = Debug|x64
		{BDFA2C2A-0FA3-4848-BB95-321DB3DE7F47}.Debug|x86.ActiveCfg = Debug|x64
		{BDFA2C2A-0FA3-4848-BB95-321DB3DE7F47}.Debug|x86.Build.0 = Debug|x64
		{BDFA2C2A-0FA3-4848-BB95-321DB3DE7F47}.Release|x64.ActiveCfg = Release|x64
		{BDFA2C2A-0FA3-4848-BB95-321DB3DE7F47}.Release|x64.Build.0 = Release|x64
		{BDFA2C2A-0FA3-4848-BB95-321DB3DE7F47}.Release|x86.ActiveCfg = Release|x64
		{BDFA2C2A-0FA3-4848-BB95-321DB3DE7F47}.Release|x86.Build.0 = Release|x64
		{BDFA2C2A-0FA3-4848-BB95-321DB3DE7F47}.Standalone|x64.ActiveCfg = Standalone|x64
		{BDFA2C2A-0FA3-4848-BB95-321DB3DE7F47}.Standalone|x64.Build.0 = Standalone|x64
		{BDFA2C2A-0FA3-4848-BB95-321DB3DE7F47}.Standalone|x86.ActiveCfg = Standalone|x64
		{BDFA2C2A-0FA3-4848-BB95-321DB3DE7F47}.Standalone|x86.Build.0 = Standalone|x64
		{B8CF6CC4-94D6-4347-8388-C6579F7EC88C}.Debug|x64.ActiveCfg = Debug|x64
		{B8CF6CC4-94D6-4347-8388-C6579F7EC88C}.Debug|x64.Build.0 = Debug|x64
		{B8CF6CC4-94D6-4347-8388-C6579F7EC88C}.Debug|x86.ActiveCfg = Debug|x64
		{B8CF6CC4-94D6-4347-8388-C6579F7EC88C}.Debug|x86.Build.0 = Debug|x64
		{B8CF6CC4-94D6-4347-8388-C6579F7EC88C}.Release|x64.ActiveCfg = Release|x64
		{B8CF6CC4-94D6-4347-8388-C6579F7EC88C}.Release|x64.Build.0 = Release|x64
		{B8CF6CC4-94D6-4347-8388-C6579F7EC88C}.Release|x86.ActiveCfg = Release|x64
		{B8CF6CC4-94D6-4347-8388-C6579F7EC88C}.Release|x86.Build.0 = Release|x64
		{B8CF6CC4-94D6-4347-8388-C6579F7EC88C}.Standalone|x64.ActiveCfg = Standalone|x64
		{B8CF6CC4-94D6-4347-8388-C6579F7EC88C}.Standalone|x64.Build.0 = Standalone|x64
		{B8CF6CC4-94D6-4347-8388-C6579F7EC88C}.Standalone|x86.ActiveCfg = Standalone|x64
		{B8CF6CC4-94D6-4347-8388-C6579F7EC88C}.Standalone|x86.Build.0 = Standalone|x64
		{B07A1D5E-E955-405B-9980-932667E4BB65}.Debug|x64.ActiveCfg = Debug|x64
		{B07A1D5E-E955-405B-9980-932667E4BB65}.Debug|x64.Build.0 = Debug|x64
		{B07A1D5E-E955-405B-9980-932667E4BB65}.Debug|x86.ActiveCfg = Debug|x64
		{B07A1D5E-E955-405B-9980-932667E4BB65}.Debug|x86.Build.0 = Debug|x64
		{B07A1D5E-E955-405B-9980-932667E4BB65}.Release|x64.ActiveCfg = Release|x64
		{B07A1D5E-E955-405B-9980-932667E4BB65}.Release|x64.Build.0 = Release|x64
		{B07A1D5E-E955-405B-9980-932667E4BB65}.Release|x86.ActiveCfg = Release|x64
		{B07A1D5E-E955-405B-9980-932667E4BB65}.Release|x86.Build.0 = Release|x64
		{B07A1D5E-E955-405B-9980-932667E4BB65}.Standalone|x64.ActiveCfg = Standalone|x64
		{B07A1D5E-E955-405B-9980-932667E4BB65}.Standalone|x64.Build.0 = Standalone|x64
		{B07A1D5E-E955-405B-9980-932667E4BB65}.Standalone|x86.ActiveCfg = Standalone|x64
		{B07A1D5E-E955-405B-9980-932667E4BB65}.Standalone|x86.Build.0 = Standalone|x64
		{82F429A2-17DC-48D8-ACE2-4241FAE4DF74}.Debug|x64.ActiveCfg = Debug|x64
		{82F429A2-17DC-48D8-ACE2-4241FAE4DF74}.Debug|x64.Build.0 = Debug|x64
		{82F429A2-17DC-48D8-ACE2-4241FAE4DF74}.Debug|x86.ActiveCfg = Debug|Win32
		{82F429A2-17DC-48D8-ACE2-4241FAE4DF74}.Debug|x86.Build.0 = Debug|Win32
		{82F429A2-17DC-48D8-ACE2-4241FAE4DF74}.Release|x64.ActiveCfg = Release|x64
		{82F429A2-17DC-48D8-ACE2-4241FAE4DF74}.Release|x64.Build.0 = Release|x64
		{82F429A2-17DC-48D8-ACE2-4241FAE4DF74}.Release|x86.ActiveCfg = Release|Win32
		{82F429A2-17DC-48D8-ACE2-4241FAE4DF74}.Release|x86.Build.0 = Release|Win32
		{82F429A2-17DC-48D8-ACE2-4241FAE4DF74}.Standalone|x64.ActiveCfg = Standalone|x64
		{82F429A2-17DC-48D8-ACE2-4241FAE4DF74}.Standalone|x64.Build.0 = Standalone|x64
		{82F429A2-17DC-48D8-ACE2-4241FAE4DF74}.Standalone|x86.ActiveCfg = Standalone|Win32
		{82F429A2-17DC-48D8-ACE2-4241FAE4DF74}.Standalone|x86.Build.0 = Standalone|Win32
		{B7F84EF3-62E5-46E6-894C-6DF6DD9F7FC0}.Debug|x64.ActiveCfg = Debug|x64
		{B7F84EF3-62E5-46E6-894C-6DF6DD9F7FC0}.Debug|x64.Build.0 = Debug|x64
		{B7F84EF3-62E5-46E6-894C-6DF6DD9F7FC0}.Debug|x86.ActiveCfg = Debug|Win32
		{B7F84EF3-62E5-46E6-894C-6DF6DD9F7FC0}.Debug|x86.Build.0 = Debug|Win32
		{B7F84EF3-62E5-46E6-894C-6DF6DD9F7FC0}.Release|x64.ActiveCfg = Release|x64
		{B7F84EF3-62E5-46E6-894C-6DF6DD9F7FC0}.Release|x64.Build.0 = Release|x64
		{B7F84EF3-62E5-46E6-894C-6DF6DD9F7FC0}.Release|x86.ActiveCfg = Release|Win32
		{B7F84EF3-62E5-46E6-894C-6DF6DD9F7FC0}.Release|x86.Build.0 = Release|Win32
		{B7F84EF3-62E5-46E6-894C-6DF6DD9F7FC0}.Standalone|x64.ActiveCfg = Standalone|x64
		{B7F84EF3-62E5-46E6-894C-6DF6DD9F7FC0}.Standalone|x64.Build.0 = Standalone|x64
		{B7F84EF3-62E5-46E6-894C-6DF6DD9F7FC0}.Standalone|x86.ActiveCfg = Standalone|Win32
		{B7F84EF3-62E5-46E6-894C-6DF6DD9F7FC0}.Standalone|x86.Build.0 = Standalone|Win32
	EndGlobalSection
	GlobalSection(SolutionProperties) = preSolution
		HideSolutionNode = FALSE
	EndGlobalSection
	GlobalSection(NestedProjects) = preSolution
		{72B78E40-66CF-4B31-ABE1-D418897E2EAE} = {D97BFD0C-5DA6-4B65-A175-16F208730E3D}
		{F2FB4732-5E57-413F-9BFD-BBB6B23F0D59} = {D97BFD0C-5DA6-4B65-A175-16F208730E3D}
		{D18B7530-E2D1-45F4-A49F-D8D585CF4544} = {D97BFD0C-5DA6-4B65-A175-16F208730E3D}
		{DA0D460B-A2A1-475F-B076-16B01EDCD52F} = {D97BFD0C-5DA6-4B65-A175-16F208730E3D}
		{0E26B274-58F8-4DBD-A9B3-A13A6E1BB8A9} = {D97BFD0C-5DA6-4B65-A175-16F208730E3D}
		{80027627-7CB9-49C6-B940-CF79A90DAF59} = {D97BFD0C-5DA6-4B65-A175-16F208730E3D}
		{A94A8947-3108-4E88-996D-F6DC6935FAA8} = {D97BFD0C-5DA6-4B65-A175-16F208730E3D}
		{8B735AE6-218D-44B4-B847-AEED17F91974} = {D97BFD0C-5DA6-4B65-A175-16F208730E3D}
		{BDFA2C2A-0FA3-4848-BB95-321DB3DE7F47} = {D97BFD0C-5DA6-4B65-A175-16F208730E3D}
		{B7F84EF3-62E5-46E6-894C-6DF6DD9F7FC0} = {D97BFD0C-5DA6-4B65-A175-16F208730E3D}
	EndGlobalSection
	GlobalSection(ExtensibilityGlobals) = postSolution
		SolutionGuid = {DE968F33-8727-43E3-BEAD-C99AD7ECBF1E}
	EndGlobalSection
EndGlobal
